// !$*UTF8*$!
{
	archiveVersion = 1;
	classes = {
	};
	objectVersion = 50;
	objects = {

/* Begin PBXBuildFile section */
		CBF72FBE24B6506800115F93 /* AppDelegate.swift in Sources */ = {isa = PBXBuildFile; fileRef = CBF72FBD24B6506800115F93 /* AppDelegate.swift */; };
		CBF72FC024B6506800115F93 /* SceneDelegate.swift in Sources */ = {isa = PBXBuildFile; fileRef = CBF72FBF24B6506800115F93 /* SceneDelegate.swift */; };
		CBF72FC224B6506800115F93 /* CreateMemeVC.swift in Sources */ = {isa = PBXBuildFile; fileRef = CBF72FC124B6506800115F93 /* CreateMemeVC.swift */; };
		CBF72FC524B6506800115F93 /* Main.storyboard in Resources */ = {isa = PBXBuildFile; fileRef = CBF72FC324B6506800115F93 /* Main.storyboard */; };
		CBF72FC724B6506A00115F93 /* Assets.xcassets in Resources */ = {isa = PBXBuildFile; fileRef = CBF72FC624B6506A00115F93 /* Assets.xcassets */; };
		CBF72FCA24B6506A00115F93 /* LaunchScreen.storyboard in Resources */ = {isa = PBXBuildFile; fileRef = CBF72FC824B6506A00115F93 /* LaunchScreen.storyboard */; };
		CBF72FD224B7770200115F93 /* Extensions.swift in Sources */ = {isa = PBXBuildFile; fileRef = CBF72FD124B7770200115F93 /* Extensions.swift */; };
		CBF72FD424B7828700115F93 /* Meme.swift in Sources */ = {isa = PBXBuildFile; fileRef = CBF72FD324B7828700115F93 /* Meme.swift */; };
/* End PBXBuildFile section */

/* Begin PBXFileReference section */
		CBF72FBA24B6506800115F93 /* MemeMe-v1.0.app */ = {isa = PBXFileReference; explicitFileType = wrapper.application; includeInIndex = 0; path = "MemeMe-v1.0.app"; sourceTree = BUILT_PRODUCTS_DIR; };
		CBF72FBD24B6506800115F93 /* AppDelegate.swift */ = {isa = PBXFileReference; lastKnownFileType = sourcecode.swift; path = AppDelegate.swift; sourceTree = "<group>"; };
		CBF72FBF24B6506800115F93 /* SceneDelegate.swift */ = {isa = PBXFileReference; lastKnownFileType = sourcecode.swift; path = SceneDelegate.swift; sourceTree = "<group>"; };
		CBF72FC124B6506800115F93 /* CreateMemeVC.swift */ = {isa = PBXFileReference; lastKnownFileType = sourcecode.swift; path = CreateMemeVC.swift; sourceTree = "<group>"; };
		CBF72FC424B6506800115F93 /* Base */ = {isa = PBXFileReference; lastKnownFileType = file.storyboard; name = Base; path = Base.lproj/Main.storyboard; sourceTree = "<group>"; };
		CBF72FC624B6506A00115F93 /* Assets.xcassets */ = {isa = PBXFileReference; lastKnownFileType = folder.assetcatalog; path = Assets.xcassets; sourceTree = "<group>"; };
		CBF72FC924B6506A00115F93 /* Base */ = {isa = PBXFileReference; lastKnownFileType = file.storyboard; name = Base; path = Base.lproj/LaunchScreen.storyboard; sourceTree = "<group>"; };
		CBF72FCB24B6506A00115F93 /* Info.plist */ = {isa = PBXFileReference; lastKnownFileType = text.plist.xml; path = Info.plist; sourceTree = "<group>"; };
		CBF72FD124B7770200115F93 /* Extensions.swift */ = {isa = PBXFileReference; lastKnownFileType = sourcecode.swift; path = Extensions.swift; sourceTree = "<group>"; };
		CBF72FD324B7828700115F93 /* Meme.swift */ = {isa = PBXFileReference; lastKnownFileType = sourcecode.swift; path = Meme.swift; sourceTree = "<group>"; };
/* End PBXFileReference section */

/* Begin PBXFrameworksBuildPhase section */
		CBF72FB724B6506800115F93 /* Frameworks */ = {
			isa = PBXFrameworksBuildPhase;
			buildActionMask = 2147483647;
			files = (
			);
			runOnlyForDeploymentPostprocessing = 0;
		};
/* End PBXFrameworksBuildPhase section */

/* Begin PBXGroup section */
		CBF72FB124B6506800115F93 = {
			isa = PBXGroup;
			children = (
				CBF72FBC24B6506800115F93 /* MemeMe-v1.0 */,
				CBF72FBB24B6506800115F93 /* Products */,
			);
			sourceTree = "<group>";
		};
		CBF72FBB24B6506800115F93 /* Products */ = {
			isa = PBXGroup;
			children = (
				CBF72FBA24B6506800115F93 /* MemeMe-v1.0.app */,
			);
			name = Products;
			sourceTree = "<group>";
		};
		CBF72FBC24B6506800115F93 /* MemeMe-v1.0 */ = {
			isa = PBXGroup;
			children = (
				CBF72FBD24B6506800115F93 /* AppDelegate.swift */,
				CBF72FBF24B6506800115F93 /* SceneDelegate.swift */,
				CBF72FC124B6506800115F93 /* CreateMemeVC.swift */,
				CBF72FC324B6506800115F93 /* Main.storyboard */,
				CBF72FC624B6506A00115F93 /* Assets.xcassets */,
				CBF72FC824B6506A00115F93 /* LaunchScreen.storyboard */,
				CBF72FCB24B6506A00115F93 /* Info.plist */,
				CBF72FD124B7770200115F93 /* Extensions.swift */,
				CBF72FD324B7828700115F93 /* Meme.swift */,
			);
			path = "MemeMe-v1.0";
			sourceTree = "<group>";
		};
/* End PBXGroup section */

/* Begin PBXNativeTarget section */
		CBF72FB924B6506800115F93 /* MemeMe-v1.0 */ = {
			isa = PBXNativeTarget;
			buildConfigurationList = CBF72FCE24B6506A00115F93 /* Build configuration list for PBXNativeTarget "MemeMe-v1.0" */;
			buildPhases = (
				CBF72FB624B6506800115F93 /* Sources */,
				CBF72FB724B6506800115F93 /* Frameworks */,
				CBF72FB824B6506800115F93 /* Resources */,
			);
			buildRules = (
			);
			dependencies = (
			);
			name = "MemeMe-v1.0";
			productName = "MemeMe-v1.0";
			productReference = CBF72FBA24B6506800115F93 /* MemeMe-v1.0.app */;
			productType = "com.apple.product-type.application";
		};
/* End PBXNativeTarget section */

/* Begin PBXProject section */
		CBF72FB224B6506800115F93 /* Project object */ = {
			isa = PBXProject;
			attributes = {
				LastSwiftUpdateCheck = 1150;
				LastUpgradeCheck = 1150;
				ORGANIZATIONNAME = "Herbert Dodge";
				TargetAttributes = {
					CBF72FB924B6506800115F93 = {
						CreatedOnToolsVersion = 11.5;
					};
				};
			};
			buildConfigurationList = CBF72FB524B6506800115F93 /* Build configuration list for PBXProject "MemeMe-v1.0" */;
			compatibilityVersion = "Xcode 9.3";
			developmentRegion = en;
			hasScannedForEncodings = 0;
			knownRegions = (
				en,
				Base,
			);
			mainGroup = CBF72FB124B6506800115F93;
			productRefGroup = CBF72FBB24B6506800115F93 /* Products */;
			projectDirPath = "";
			projectRoot = "";
			targets = (
				CBF72FB924B6506800115F93 /* MemeMe-v1.0 */,
			);
		};
/* End PBXProject section */

/* Begin PBXResourcesBuildPhase section */
		CBF72FB824B6506800115F93 /* Resources */ = {
			isa = PBXResourcesBuildPhase;
			buildActionMask = 2147483647;
			files = (
				CBF72FCA24B6506A00115F93 /* LaunchScreen.storyboard in Resources */,
				CBF72FC724B6506A00115F93 /* Assets.xcassets in Resources */,
				CBF72FC524B6506800115F93 /* Main.storyboard in Resources */,
			);
			runOnlyForDeploymentPostprocessing = 0;
		};
/* End PBXResourcesBuildPhase section */

/* Begin PBXSourcesBuildPhase section */
		CBF72FB624B6506800115F93 /* Sources */ = {
			isa = PBXSourcesBuildPhase;
			buildActionMask = 2147483647;
			files = (
				CBF72FC224B6506800115F93 /* CreateMemeVC.swift in Sources */,
				CBF72FBE24B6506800115F93 /* AppDelegate.swift in Sources */,
				CBF72FC024B6506800115F93 /* SceneDelegate.swift in Sources */,
				CBF72FD224B7770200115F93 /* Extensions.swift in Sources */,
				CBF72FD424B7828700115F93 /* Meme.swift in Sources */,
			);
			runOnlyForDeploymentPostprocessing = 0;
		};
/* End PBXSourcesBuildPhase section */

/* Begin PBXVariantGroup section */
		CBF72FC324B6506800115F93 /* Main.storyboard */ = {
			isa = PBXVariantGroup;
			children = (
				CBF72FC424B6506800115F93 /* Base */,
			);
			name = Main.storyboard;
			sourceTree = "<group>";
		};
		CBF72FC824B6506A00115F93 /* LaunchScreen.storyboard */ = {
			isa = PBXVariantGroup;
			children = (
				CBF72FC924B6506A00115F93 /* Base */,
			);
			name = LaunchScreen.storyboard;
			sourceTree = "<group>";
		};
/* End PBXVariantGroup section */

/* Begin XCBuildConfiguration section */
		CBF72FCC24B6506A00115F93 /* Debug */ = {
			isa = XCBuildConfiguration;
			buildSettings = {
				ALWAYS_SEARCH_USER_PATHS = NO;
				CLANG_ANALYZER_NONNULL = YES;
				CLANG_ANALYZER_NUMBER_OBJECT_CONVERSION = YES_AGGRESSIVE;
				CLANG_CXX_LANGUAGE_STANDARD = "gnu++14";
				CLANG_CXX_LIBRARY = "libc++";
				CLANG_ENABLE_MODULES = YES;
				CLANG_ENABLE_OBJC_ARC = YES;
				CLANG_ENABLE_OBJC_WEAK = YES;
				CLANG_WARN_BLOCK_CAPTURE_AUTORELEASING = YES;
				CLANG_WARN_BOOL_CONVERSION = YES;
				CLANG_WARN_COMMA = YES;
				CLANG_WARN_CONSTANT_CONVERSION = YES;
				CLANG_WARN_DEPRECATED_OBJC_IMPLEMENTATIONS = YES;
				CLANG_WARN_DIRECT_OBJC_ISA_USAGE = YES_ERROR;
				CLANG_WARN_DOCUMENTATION_COMMENTS = YES;
				CLANG_WARN_EMPTY_BODY = YES;
				CLANG_WARN_ENUM_CONVERSION = YES;
				CLANG_WARN_INFINITE_RECURSION = YES;
				CLANG_WARN_INT_CONVERSION = YES;
				CLANG_WARN_NON_LITERAL_NULL_CONVERSION = YES;
				CLANG_WARN_OBJC_IMPLICIT_RETAIN_SELF = YES;
				CLANG_WARN_OBJC_LITERAL_CONVERSION = YES;
				CLANG_WARN_OBJC_ROOT_CLASS = YES_ERROR;
				CLANG_WARN_RANGE_LOOP_ANALYSIS = YES;
				CLANG_WARN_STRICT_PROTOTYPES = YES;
				CLANG_WARN_SUSPICIOUS_MOVE = YES;
				CLANG_WARN_UNGUARDED_AVAILABILITY = YES_AGGRESSIVE;
				CLANG_WARN_UNREACHABLE_CODE = YES;
				CLANG_WARN__DUPLICATE_METHOD_MATCH = YES;
				COPY_PHASE_STRIP = NO;
				DEBUG_INFORMATION_FORMAT = dwarf;
				ENABLE_STRICT_OBJC_MSGSEND = YES;
				ENABLE_TESTABILITY = YES;
				GCC_C_LANGUAGE_STANDARD = gnu11;
				GCC_DYNAMIC_NO_PIC = NO;
				GCC_NO_COMMON_BLOCKS = YES;
				GCC_OPTIMIZATION_LEVEL = 0;
				GCC_PREPROCESSOR_DEFINITIONS = (
					"DEBUG=1",
					"$(inherited)",
				);
				GCC_WARN_64_TO_32_BIT_CONVERSION = YES;
				GCC_WARN_ABOUT_RETURN_TYPE = YES_ERROR;
				GCC_WARN_UNDECLARED_SELECTOR = YES;
				GCC_WARN_UNINITIALIZED_AUTOS = YES_AGGRESSIVE;
				GCC_WARN_UNUSED_FUNCTION = YES;
				GCC_WARN_UNUSED_VARIABLE = YES;
				IPHONEOS_DEPLOYMENT_TARGET = 13.5;
				MTL_ENABLE_DEBUG_INFO = INCLUDE_SOURCE;
				MTL_FAST_MATH = YES;
				ONLY_ACTIVE_ARCH = YES;
				SDKROOT = iphoneos;
				SWIFT_ACTIVE_COMPILATION_CONDITIONS = DEBUG;
				SWIFT_OPTIMIZATION_LEVEL = "-Onone";
			};
			name = Debug;
		};
		CBF72FCD24B6506A00115F93 /* Release */ = {
			isa = XCBuildConfiguration;
			buildSettings = {
				ALWAYS_SEARCH_USER_PATHS = NO;
				CLANG_ANALYZER_NONNULL = YES;
				CLANG_ANALYZER_NUMBER_OBJECT_CONVERSION = YES_AGGRESSIVE;
				CLANG_CXX_LANGUAGE_STANDARD = "gnu++14";
				CLANG_CXX_LIBRARY = "libc++";
				CLANG_ENABLE_MODULES = YES;
				CLANG_ENABLE_OBJC_ARC = YES;
				CLANG_ENABLE_OBJC_WEAK = YES;
				CLANG_WARN_BLOCK_CAPTURE_AUTORELEASING = YES;
				CLANG_WARN_BOOL_CONVERSION = YES;
				CLANG_WARN_COMMA = YES;
				CLANG_WARN_CONSTANT_CONVERSION = YES;
				CLANG_WARN_DEPRECATED_OBJC_IMPLEMENTATIONS = YES;
				CLANG_WARN_DIRECT_OBJC_ISA_USAGE = YES_ERROR;
				CLANG_WARN_DOCUMENTATION_COMMENTS = YES;
				CLANG_WARN_EMPTY_BODY = YES;
				CLANG_WARN_ENUM_CONVERSION = YES;
				CLANG_WARN_INFINITE_RECURSION = YES;
				CLANG_WARN_INT_CONVERSION = YES;
				CLANG_WARN_NON_LITERAL_NULL_CONVERSION = YES;
				CLANG_WARN_OBJC_IMPLICIT_RETAIN_SELF = YES;
				CLANG_WARN_OBJC_LITERAL_CONVERSION = YES;
				CLANG_WARN_OBJC_ROOT_CLASS = YES_ERROR;
				CLANG_WARN_RANGE_LOOP_ANALYSIS = YES;
				CLANG_WARN_STRICT_PROTOTYPES = YES;
				CLANG_WARN_SUSPICIOUS_MOVE = YES;
				CLANG_WARN_UNGUARDED_AVAILABILITY = YES_AGGRESSIVE;
				CLANG_WARN_UNREACHABLE_CODE = YES;
				CLANG_WARN__DUPLICATE_METHOD_MATCH = YES;
				COPY_PHASE_STRIP = NO;
				DEBUG_INFORMATION_FORMAT = "dwarf-with-dsym";
				ENABLE_NS_ASSERTIONS = NO;
				ENABLE_STRICT_OBJC_MSGSEND = YES;
				GCC_C_LANGUAGE_STANDARD = gnu11;
				GCC_NO_COMMON_BLOCKS = YES;
				GCC_WARN_64_TO_32_BIT_CONVERSION = YES;
				GCC_WARN_ABOUT_RETURN_TYPE = YES_ERROR;
				GCC_WARN_UNDECLARED_SELECTOR = YES;
				GCC_WARN_UNINITIALIZED_AUTOS = YES_AGGRESSIVE;
				GCC_WARN_UNUSED_FUNCTION = YES;
				GCC_WARN_UNUSED_VARIABLE = YES;
				IPHONEOS_DEPLOYMENT_TARGET = 13.5;
				MTL_ENABLE_DEBUG_INFO = NO;
				MTL_FAST_MATH = YES;
				SDKROOT = iphoneos;
				SWIFT_COMPILATION_MODE = wholemodule;
				SWIFT_OPTIMIZATION_LEVEL = "-O";
				VALIDATE_PRODUCT = YES;
			};
			name = Release;
		};
		CBF72FCF24B6506A00115F93 /* Debug */ = {
			isa = XCBuildConfiguration;
			buildSettings = {
				ASSETCATALOG_COMPILER_APPICON_NAME = AppIcon;
				CODE_SIGN_STYLE = Automatic;
				DEVELOPMENT_TEAM = KG5A8K7RKR;
				INFOPLIST_FILE = "MemeMe-v1.0/Info.plist";
				LD_RUNPATH_SEARCH_PATHS = (
					"$(inherited)",
					"@executable_path/Frameworks",
				);
				PRODUCT_BUNDLE_IDENTIFIER = "io.dbydesign.MemeMe-v1-0";
				PRODUCT_NAME = "$(TARGET_NAME)";
				SWIFT_VERSION = 5.0;
				TARGETED_DEVICE_FAMILY = "1,2";
			};
			name = Debug;
		};
		CBF72FD024B6506A00115F93 /* Release */ = {
			isa = XCBuildConfiguration;
			buildSettings = {
				ASSETCATALOG_COMPILER_APPICON_NAME = AppIcon;
				CODE_SIGN_STYLE = Automatic;
				DEVELOPMENT_TEAM = KG5A8K7RKR;
				INFOPLIST_FILE = "MemeMe-v1.0/Info.plist";
				LD_RUNPATH_SEARCH_PATHS = (
					"$(inherited)",
					"@executable_path/Frameworks",
				);
				PRODUCT_BUNDLE_IDENTIFIER = "io.dbydesign.MemeMe-v1-0";
				PRODUCT_NAME = "$(TARGET_NAME)";
				SWIFT_VERSION = 5.0;
				TARGETED_DEVICE_FAMILY = "1,2";
			};
			name = Release;
		};
/* End XCBuildConfiguration section */

/* Begin XCConfigurationList section */
		CBF72FB524B6506800115F93 /* Build configuration list for PBXProject "MemeMe-v1.0" */ = {
			isa = XCConfigurationList;
			buildConfigurations = (
				CBF72FCC24B6506A00115F93 /* Debug */,
				CBF72FCD24B6506A00115F93 /* Release */,
			);
			defaultConfigurationIsVisible = 0;
			defaultConfigurationName = Release;
		};
		CBF72FCE24B6506A00115F93 /* Build configuration list for PBXNativeTarget "MemeMe-v1.0" */ = {
			isa = XCConfigurationList;
			buildConfigurations = (
				CBF72FCF24B6506A00115F93 /* Debug */,
				CBF72FD024B6506A00115F93 /* Release */,
			);
			defaultConfigurationIsVisible = 0;
			defaultConfigurationName = Release;
		};
/* End XCConfigurationList section */
	};
	rootObject = CBF72FB224B6506800115F93 /* Project object */;
}
